{
  "name": "svgttf",
  "version": "0.0.13",
  "lockfileVersion": 1,
  "requires": true,
  "dependencies": {
    "ansi-regex": {
      "version": "2.1.1",
      "resolved": "https://registry.npmjs.org/ansi-regex/-/ansi-regex-2.1.1.tgz",
      "integrity": "sha1-w7M6te42DYbg5ijwRorn7yfWVN8="
    },
    "argparse": {
      "version": "0.1.16",
      "resolved": "https://registry.npmjs.org/argparse/-/argparse-0.1.16.tgz",
      "integrity": "sha1-z9AeD7uj1srtBJ+9dY1A9lGW9Xw=",
      "requires": {
        "underscore": "~1.7.0",
        "underscore.string": "~2.4.0"
      }
    },
    "balanced-match": {
      "version": "1.0.0",
      "resolved": "https://registry.npmjs.org/balanced-match/-/balanced-match-1.0.0.tgz",
      "integrity": "sha1-ibTRmasr7kneFk6gK4nORi1xt2c="
    },
    "bitbuffer": {
      "version": "0.1.3",
      "resolved": "https://registry.npmjs.org/bitbuffer/-/bitbuffer-0.1.3.tgz",
      "integrity": "sha1-eA/rEpfKrw+snkjPq5Rtbv0r05c="
    },
    "bloem": {
      "version": "0.2.4",
      "resolved": "https://registry.npmjs.org/bloem/-/bloem-0.2.4.tgz",
      "integrity": "sha1-PCnr7WibOE8oME+nvVbGAm5tWHk=",
      "requires": {
        "bitbuffer": "0.1.x",
        "fnv": "0.1.x"
      }
    },
    "brace-expansion": {
      "version": "1.1.11",
      "resolved": "https://registry.npmjs.org/brace-expansion/-/brace-expansion-1.1.11.tgz",
      "integrity": "sha512-iCuPHDFgrHX7H2vEI/5xpz07zSHB00TpugqhmYtVmMO6518mCuRMoOYFldEBl0g187ufozdaHgWKcYFb61qGiA==",
      "requires": {
        "balanced-match": "^1.0.0",
        "concat-map": "0.0.1"
      }
    },
    "clone": {
      "version": "1.0.4",
      "resolved": "https://registry.npmjs.org/clone/-/clone-1.0.4.tgz",
      "integrity": "sha1-2jCcwmPfFZlMaIypAheco8fNfH4="
    },
    "cnd": {
      "version": "1.0.9",
      "resolved": "https://registry.npmjs.org/cnd/-/cnd-1.0.9.tgz",
      "integrity": "sha1-CxiLreYVR6HGJ18bsuuC3w8iJ5c=",
      "requires": {
        "bloem": "^0.2.4",
        "columnify": "^1.4.1",
        "equals": "^1.0.0",
        "es6-shim": "^0.32.2",
        "functional-red-black-tree": "^1.0.1",
        "lodash": "^3.2.0",
        "permute": "^1.0.0"
      },
      "dependencies": {
        "lodash": {
          "version": "3.10.1",
          "resolved": "https://registry.npmjs.org/lodash/-/lodash-3.10.1.tgz",
          "integrity": "sha1-W/Rejkm6QYnhfUgnid/RW9FAt7Y="
        }
      }
    },
    "coffee-script": {
      "version": "1.12.7",
      "resolved": "https://registry.npmjs.org/coffee-script/-/coffee-script-1.12.7.tgz",
      "integrity": "sha512-fLeEhqwymYat/MpTPUjSKHVYYl0ec2mOyALEMLmzr5i1isuG+6jfI2j2d5oBO3VIzgUXgBVIcOT9uH1TFxBckw=="
    },
    "coffeenode-bitsnpieces": {
      "version": "0.0.23",
      "resolved": "https://registry.npmjs.org/coffeenode-bitsnpieces/-/coffeenode-bitsnpieces-0.0.23.tgz",
      "integrity": "sha1-PucL9Si2rWc8xm5TqfX1nPys8NU=",
      "requires": {
        "coffee-script": "~1.7.1",
        "equals": "^0.3.6"
      },
      "dependencies": {
        "coffee-script": {
          "version": "1.7.1",
          "resolved": "https://registry.npmjs.org/coffee-script/-/coffee-script-1.7.1.tgz",
          "integrity": "sha1-YplqhheAx15tUGnROCJyO3NAS/w=",
          "requires": {
            "mkdirp": "~0.3.5"
          }
        },
        "equals": {
          "version": "0.3.7",
          "resolved": "https://registry.npmjs.org/equals/-/equals-0.3.7.tgz",
          "integrity": "sha1-w3bTSYJmrZP3n0PwJzBcVf97pPw=",
          "requires": {
            "type": "github:jkroso/type#1.1.0"
          }
        }
      }
    },
    "coffeenode-chr": {
      "version": "0.1.9",
      "resolved": "https://registry.npmjs.org/coffeenode-chr/-/coffeenode-chr-0.1.9.tgz",
      "integrity": "sha1-S7GZq4m0YuD3gOfY1tT4Xjvo6mg=",
      "requires": {
        "cnd": "^1.0.8"
      }
    },
    "coffeenode-docopt": {
      "version": "0.0.0",
      "resolved": "https://registry.npmjs.org/coffeenode-docopt/-/coffeenode-docopt-0.0.0.tgz",
      "integrity": "sha1-jZnCiPqcICttJQUGgYFA3L+CDs0="
    },
    "coffeenode-teacup": {
      "version": "0.1.5",
      "resolved": "https://registry.npmjs.org/coffeenode-teacup/-/coffeenode-teacup-0.1.5.tgz",
      "integrity": "sha1-XEmoV3O0/IGHzwNjs4VBcfMFuKg=",
      "requires": {
        "cnd": "^0.1.5",
        "teacup": "^1.0.0"
      },
      "dependencies": {
        "cnd": {
          "version": "0.1.9",
          "resolved": "https://registry.npmjs.org/cnd/-/cnd-0.1.9.tgz",
          "integrity": "sha1-7T+G+GX76Ww3Ml/WtZ43bSO/lls=",
          "requires": {
            "columnify": "^1.4.1",
            "equals": "^1.0.0",
            "lodash": "^3.2.0",
            "permute": "^1.0.0"
          }
        },
        "lodash": {
          "version": "3.10.1",
          "resolved": "https://registry.npmjs.org/lodash/-/lodash-3.10.1.tgz",
          "integrity": "sha1-W/Rejkm6QYnhfUgnid/RW9FAt7Y="
        }
      }
    },
    "coffeenode-text": {
      "version": "0.1.9",
      "resolved": "https://registry.npmjs.org/coffeenode-text/-/coffeenode-text-0.1.9.tgz",
      "integrity": "sha1-qYQew3iLjoPKdyHbMvgTNjz7EU0=",
      "requires": {
        "coffee-script": "~1.7.1",
        "coffeenode-bitsnpieces": "0.0.23",
        "coffeenode-trm": "~0.1.6",
        "coffeenode-types": "~0.1.0"
      },
      "dependencies": {
        "coffee-script": {
          "version": "1.7.1",
          "resolved": "https://registry.npmjs.org/coffee-script/-/coffee-script-1.7.1.tgz",
          "integrity": "sha1-YplqhheAx15tUGnROCJyO3NAS/w=",
          "requires": {
            "mkdirp": "~0.3.5"
          }
        }
      }
    },
    "coffeenode-trm": {
      "version": "0.1.22",
      "resolved": "https://registry.npmjs.org/coffeenode-trm/-/coffeenode-trm-0.1.22.tgz",
      "integrity": "sha1-Ismteil+dGVMWS773c/ihqj/Qjk=",
      "requires": {
        "coffee-script": "~1.7.1",
        "sync-exec": "^0.4.0"
      },
      "dependencies": {
        "coffee-script": {
          "version": "1.7.1",
          "resolved": "https://registry.npmjs.org/coffee-script/-/coffee-script-1.7.1.tgz",
          "integrity": "sha1-YplqhheAx15tUGnROCJyO3NAS/w=",
          "requires": {
            "mkdirp": "~0.3.5"
          }
        }
      }
    },
    "coffeenode-types": {
      "version": "0.1.1",
      "resolved": "https://registry.npmjs.org/coffeenode-types/-/coffeenode-types-0.1.1.tgz",
      "integrity": "sha1-sV3g2X5MewdHzMcgWuHVHAHaAnk=",
      "requires": {
        "coffee-script": "~1.7.1"
      },
      "dependencies": {
        "coffee-script": {
          "version": "1.7.1",
          "resolved": "https://registry.npmjs.org/coffee-script/-/coffee-script-1.7.1.tgz",
          "integrity": "sha1-YplqhheAx15tUGnROCJyO3NAS/w=",
          "requires": {
            "mkdirp": "~0.3.5"
          }
        }
      }
    },
    "columnify": {
      "version": "1.5.4",
      "resolved": "https://registry.npmjs.org/columnify/-/columnify-1.5.4.tgz",
      "integrity": "sha1-Rzfd8ce2mop8NAVweC6UfuyOeLs=",
      "requires": {
        "strip-ansi": "^3.0.0",
        "wcwidth": "^1.0.0"
      }
    },
    "concat-map": {
      "version": "0.0.1",
      "resolved": "https://registry.npmjs.org/concat-map/-/concat-map-0.0.1.tgz",
      "integrity": "sha1-2Klr13/Wjfd5OnMDajug1UBdR3s="
    },
    "defaults": {
      "version": "1.0.3",
      "resolved": "https://registry.npmjs.org/defaults/-/defaults-1.0.3.tgz",
      "integrity": "sha1-xlYFHpgX2f8I7YgUd/P+QBnz730=",
      "requires": {
        "clone": "^1.0.2"
      }
    },
    "equals": {
      "version": "1.0.5",
      "resolved": "https://registry.npmjs.org/equals/-/equals-1.0.5.tgz",
      "integrity": "sha1-ISBi3eXhpRDZVfE1mO/MamIbas4=",
      "requires": {
        "jkroso-type": "1"
      }
    },
    "es6-shim": {
      "version": "0.32.2",
      "resolved": "https://registry.npmjs.org/es6-shim/-/es6-shim-0.32.2.tgz",
      "integrity": "sha1-2zjFGe1gBaR57J3aX2T/bIV06/I="
    },
    "fnv": {
      "version": "0.1.3",
      "resolved": "https://registry.npmjs.org/fnv/-/fnv-0.1.3.tgz",
      "integrity": "sha1-XbMLg+l+eupEjLNhOL2TaXCocA0="
    },
    "functional-red-black-tree": {
      "version": "1.0.1",
      "resolved": "https://registry.npmjs.org/functional-red-black-tree/-/functional-red-black-tree-1.0.1.tgz",
      "integrity": "sha1-GwqzvVU7Kg1jmdKcDj6gslIHgyc="
    },
    "glob": {
      "version": "4.5.3",
      "resolved": "https://registry.npmjs.org/glob/-/glob-4.5.3.tgz",
      "integrity": "sha1-xstz0yJsHv7wTePFbQEvAzd+4V8=",
      "requires": {
        "inflight": "^1.0.4",
        "inherits": "2",
        "minimatch": "^2.0.1",
        "once": "^1.3.0"
      }
    },
    "inflight": {
      "version": "1.0.6",
      "resolved": "https://registry.npmjs.org/inflight/-/inflight-1.0.6.tgz",
      "integrity": "sha1-Sb1jMdfQLQwJvJEKEHW6gWW1bfk=",
      "requires": {
        "once": "^1.3.0",
        "wrappy": "1"
      }
    },
    "inherits": {
      "version": "2.0.4",
      "resolved": "https://registry.npmjs.org/inherits/-/inherits-2.0.4.tgz",
      "integrity": "sha512-k/vGaX4/Yla3WzyMCvTQOXYeIHvqOKtnqBduzTHpzpQZzAskKMhZ2K+EnBiSM9zGSoIFeMpXKxa4dYeZIQqewQ=="
    },
    "jkroso-type": {
      "version": "1.1.1",
      "resolved": "https://registry.npmjs.org/jkroso-type/-/jkroso-type-1.1.1.tgz",
      "integrity": "sha1-vEztbWxF/gdFKCuvyGqfjE/JzmE="
    },
    "lodash": {
      "version": "2.1.0",
      "resolved": "https://registry.npmjs.org/lodash/-/lodash-2.1.0.tgz",
      "integrity": "sha1-Bjfqqjaooc/IZcOt+5Qhib+wmY0="
    },
    "minimatch": {
      "version": "2.0.10",
      "resolved": "https://registry.npmjs.org/minimatch/-/minimatch-2.0.10.tgz",
      "integrity": "sha1-jQh8OcazjAAbl/ynzm0OHoCvusc=",
      "requires": {
        "brace-expansion": "^1.0.0"
      }
    },
    "mkdirp": {
      "version": "0.3.5",
      "resolved": "https://registry.npmjs.org/mkdirp/-/mkdirp-0.3.5.tgz",
      "integrity": "sha1-3j5fiWHIjHh+4TaN+EmsRBPsqNc="
    },
    "once": {
      "version": "1.4.0",
      "resolved": "https://registry.npmjs.org/once/-/once-1.4.0.tgz",
      "integrity": "sha1-WDsap3WWHUsROsF9nFC6753Xa9E=",
      "requires": {
        "wrappy": "1"
      }
    },
    "permute": {
      "version": "1.0.0",
      "resolved": "https://registry.npmjs.org/permute/-/permute-1.0.0.tgz",
      "integrity": "sha1-fW70QD9Up88xV9wEKIViELXNE2M="
    },
    "strip-ansi": {
      "version": "3.0.1",
      "resolved": "https://registry.npmjs.org/strip-ansi/-/strip-ansi-3.0.1.tgz",
      "integrity": "sha1-ajhfuIU9lS1f8F0Oiq+UJ43GPc8=",
      "requires": {
        "ansi-regex": "^2.0.0"
      }
    },
    "svg2ttf": {
      "version": "1.2.0",
      "resolved": "https://registry.npmjs.org/svg2ttf/-/svg2ttf-1.2.0.tgz",
      "integrity": "sha1-dgEvHXb9rzfDYm6ydZx0x6Zj4kI=",
      "requires": {
        "argparse": "~ 0.1.15",
        "lodash": "~ 2.1.0",
        "svgpath": "~ 1.0.0",
        "xmldom": "~ 0.1.16"
      }
    },
    "svgpath": {
      "version": "1.0.7",
      "resolved": "https://registry.npmjs.org/svgpath/-/svgpath-1.0.7.tgz",
      "integrity": "sha1-5VQhK4fl0EaRQaKEwCDIf1yaTtA="
    },
    "sync-exec": {
      "version": "0.4.0",
      "resolved": "https://registry.npmjs.org/sync-exec/-/sync-exec-0.4.0.tgz",
      "integrity": "sha1-N1guegT684zW5T6iBEW5n5kvaTM="
    },
    "teacup": {
      "version": "1.2.0",
      "resolved": "https://registry.npmjs.org/teacup/-/teacup-1.2.0.tgz",
      "integrity": "sha1-kzTT3+SX0gpm9SwRCnhmYowVDyA="
    },
    "type": {
      "version": "github:jkroso/type#da1aa82f8673cabd6a3d4b6ca1961161aef2cf95",
      "from": "github:jkroso/type#1.1.0"
    },
    "underscore": {
      "version": "1.7.0",
      "resolved": "https://registry.npmjs.org/underscore/-/underscore-1.7.0.tgz",
      "integrity": "sha1-a7rwh3UA02vjTsqlhODbn+8DUgk="
    },
    "underscore.string": {
      "version": "2.4.0",
      "resolved": "https://registry.npmjs.org/underscore.string/-/underscore.string-2.4.0.tgz",
      "integrity": "sha1-jN2PusTi0uoefi6Al8QvRCKA+Fs="
    },
    "wcwidth": {
      "version": "1.0.1",
      "resolved": "https://registry.npmjs.org/wcwidth/-/wcwidth-1.0.1.tgz",
      "integrity": "sha1-8LDc+RW8X/FSivrbLA4XtTLaL+g=",
      "requires": {
        "defaults": "^1.0.3"
      }
    },
    "wrappy": {
      "version": "1.0.2",
      "resolved": "https://registry.npmjs.org/wrappy/-/wrappy-1.0.2.tgz",
      "integrity": "sha1-tSQ9jz7BqjXxNkYFvA0QNuMKtp8="
    },
    "xmldom": {
      "version": "0.1.27",
      "resolved": "https://registry.npmjs.org/xmldom/-/xmldom-0.1.27.tgz",
      "integrity": "sha1-1QH5ezvbQDr4757MIFcxh6rawOk="
    },
    "xmldom-silent": {
      "version": "0.1.19",
      "resolved": "https://registry.npmjs.org/xmldom-silent/-/xmldom-silent-0.1.19.tgz",
      "integrity": "sha1-OiqLnYvB6eBvpwGA6GPOcgWf7Fg="
    },
    "xpath": {
      "version": "0.0.7",
      "resolved": "https://registry.npmjs.org/xpath/-/xpath-0.0.7.tgz",
      "integrity": "sha1-IYmrI27TLT0s0crdhZkdkcE1tyA="
    }
  }
}
