{
  "name": "svgttf",
  "version": "0.0.13",
  "lockfileVersion": 1,
  "requires": true,
  "dependencies": {
    "ansi-styles": {
      "version": "1.1.0",
      "resolved": "https://registry.npmjs.org/ansi-styles/-/ansi-styles-1.1.0.tgz",
      "integrity": "sha1-6uy/Zs1waIJ2Cy9GkVgrj1XXp94=",
      "optional": true
    },
    "argparse": {
      "version": "1.0.10",
      "resolved": "https://registry.npmjs.org/argparse/-/argparse-1.0.10.tgz",
      "integrity": "sha512-o5Roy6tNG4SL/FOkCAN6RzjiakZS25RLYFrcMttJqbdd8BWrnA+fGz57iN5Pb06pvBGvl5gQ0B48dJlslXvoTg==",
      "requires": {
        "sprintf-js": "~1.0.2"
      }
    },
    "balanced-match": {
      "version": "1.0.0",
      "resolved": "https://registry.npmjs.org/balanced-match/-/balanced-match-1.0.0.tgz",
      "integrity": "sha1-ibTRmasr7kneFk6gK4nORi1xt2c="
    },
    "brace-expansion": {
      "version": "1.1.11",
      "resolved": "https://registry.npmjs.org/brace-expansion/-/brace-expansion-1.1.11.tgz",
      "integrity": "sha512-iCuPHDFgrHX7H2vEI/5xpz07zSHB00TpugqhmYtVmMO6518mCuRMoOYFldEBl0g187ufozdaHgWKcYFb61qGiA==",
      "requires": {
        "balanced-match": "^1.0.0",
        "concat-map": "0.0.1"
      }
    },
    "cnd": {
      "version": "4.6.0",
      "resolved": "https://registry.npmjs.org/cnd/-/cnd-4.6.0.tgz",
      "integrity": "sha512-f67fr4xFvv4Vhlo+GW8T+YB7a/jZy+9vD2DK/Udvkaul0RSniTOPFNT2Q2F/+BS4JfoDBUZdBoUra0u2SwtuSw==",
      "requires": {
        "mkdirp": "^0.5.1",
        "trycatch": "^1.5.21"
      }
    },
    "coffeenode-chr": {
      "version": "1.1.0",
      "resolved": "https://registry.npmjs.org/coffeenode-chr/-/coffeenode-chr-1.1.0.tgz",
      "integrity": "sha512-TPNAAAoY4680ZDeSYMyX840AGWoic9csiPMVOMO/WMiyiSliCR+wqMJ57d22pHMKUhEM/Nchi9CB3iHt1RUkUQ==",
      "requires": {
        "cnd": "^4.6.0"
      }
    },
    "coffeenode-docopt": {
      "version": "0.2.0",
      "resolved": "https://registry.npmjs.org/coffeenode-docopt/-/coffeenode-docopt-0.2.0.tgz",
      "integrity": "sha512-qhFBxNFPvZcZhpKQkzuByk28v6P6itz3bsa5nEByCn43/PIKG4e/zoBPv07enpdDFrsPvcb+QkTfG+LJcxsL+w==",
      "requires": {
        "cnd": "^4.6.0"
      }
    },
    "coffeenode-teacup": {
      "version": "0.2.0",
      "resolved": "https://registry.npmjs.org/coffeenode-teacup/-/coffeenode-teacup-0.2.0.tgz",
      "integrity": "sha512-kGxhPdqwI/2iAsogVzmHtNPjPHUBOgWO2l2FeW/I7cVj/y3y6Pr7Ki4xuW9n2gL5kBkTvHx3or1ZmpbsyESQ+A==",
      "requires": {
        "cnd": "^4.3.1",
        "teacup": "^1.0.0"
      }
    },
    "concat-map": {
      "version": "0.0.1",
      "resolved": "https://registry.npmjs.org/concat-map/-/concat-map-0.0.1.tgz",
      "integrity": "sha1-2Klr13/Wjfd5OnMDajug1UBdR3s="
    },
    "cubic2quad": {
      "version": "1.1.1",
      "resolved": "https://registry.npmjs.org/cubic2quad/-/cubic2quad-1.1.1.tgz",
      "integrity": "sha1-abGcYaP1tB7PLx1fro+wNBWqixU="
    },
    "fs.realpath": {
      "version": "1.0.0",
      "resolved": "https://registry.npmjs.org/fs.realpath/-/fs.realpath-1.0.0.tgz",
      "integrity": "sha1-FQStJSMVjKpA20onh8sBQRmU6k8="
    },
    "glob": {
      "version": "7.1.4",
      "resolved": "https://registry.npmjs.org/glob/-/glob-7.1.4.tgz",
      "integrity": "sha512-hkLPepehmnKk41pUGm3sYxoFs/umurYfYJCerbXEyFIWcAzvpipAgVkBqqT9RBKMGjnq6kMuyYwha6csxbiM1A==",
      "requires": {
        "fs.realpath": "^1.0.0",
        "inflight": "^1.0.4",
        "inherits": "2",
        "minimatch": "^3.0.4",
        "once": "^1.3.0",
        "path-is-absolute": "^1.0.0"
      }
    },
    "hookit": {
      "version": "1.1.3",
      "resolved": "https://registry.npmjs.org/hookit/-/hookit-1.1.3.tgz",
      "integrity": "sha1-YnvRuQvE7sHTe2OiCCzv9Rgb+xk="
    },
    "inflight": {
      "version": "1.0.6",
      "resolved": "https://registry.npmjs.org/inflight/-/inflight-1.0.6.tgz",
      "integrity": "sha1-Sb1jMdfQLQwJvJEKEHW6gWW1bfk=",
      "requires": {
        "once": "^1.3.0",
        "wrappy": "1"
      }
    },
    "inherits": {
      "version": "2.0.4",
      "resolved": "https://registry.npmjs.org/inherits/-/inherits-2.0.4.tgz",
      "integrity": "sha512-k/vGaX4/Yla3WzyMCvTQOXYeIHvqOKtnqBduzTHpzpQZzAskKMhZ2K+EnBiSM9zGSoIFeMpXKxa4dYeZIQqewQ=="
    },
    "intertype": {
      "version": "2.5.0",
      "resolved": "https://registry.npmjs.org/intertype/-/intertype-2.5.0.tgz",
      "integrity": "sha512-syiYJI0LFVdve0b25x/Lv3xedivgW8Xbv43tAbOLdAKDzafO9LHHaAWFWzFr13sBs0OIwdU5Foqf+nnY5MgCRA==",
      "requires": {
        "cnd": "^4.5.0",
        "lodash.flattendeep": "^4.4.0",
        "multimix": "^2.0.0"
      }
    },
    "lodash": {
      "version": "4.17.15",
      "resolved": "https://registry.npmjs.org/lodash/-/lodash-4.17.15.tgz",
      "integrity": "sha512-8xOcRHvCjnocdS5cpwXQXVzmmh5e5+saE2QGoeQmbKmRS6J3VQppPOIt0MnmE+4xlZoumy0GPG0D0MVIQbNA1A=="
    },
    "lodash.flattendeep": {
      "version": "4.4.0",
      "resolved": "https://registry.npmjs.org/lodash.flattendeep/-/lodash.flattendeep-4.4.0.tgz",
      "integrity": "sha1-+wMJF/hqMTTlvJvsDWngAT3f7bI="
    },
    "microbuffer": {
      "version": "1.0.0",
      "resolved": "https://registry.npmjs.org/microbuffer/-/microbuffer-1.0.0.tgz",
      "integrity": "sha1-izgy7UDIfVH0e7I0kTppinVtGdI="
    },
    "minimatch": {
      "version": "3.0.4",
      "resolved": "https://registry.npmjs.org/minimatch/-/minimatch-3.0.4.tgz",
      "integrity": "sha512-yJHVQEhyqPLUTgt9B83PXu6W3rx4MvvHvSUvToogpwoGDOUQ+yDrR0HRot+yOCdCO7u4hX3pWft6kWBBcqh0UA==",
      "requires": {
        "brace-expansion": "^1.1.7"
      }
    },
    "minimist": {
      "version": "0.0.8",
      "resolved": "https://registry.npmjs.org/minimist/-/minimist-0.0.8.tgz",
      "integrity": "sha1-hX/Kv8M5fSYluCKCYuhqp6ARsF0="
    },
    "mkdirp": {
      "version": "0.5.1",
      "resolved": "https://registry.npmjs.org/mkdirp/-/mkdirp-0.5.1.tgz",
      "integrity": "sha1-MAV0OOrGz3+MR2fzhkjWaX11yQM=",
      "requires": {
        "minimist": "0.0.8"
      }
    },
    "multimix": {
      "version": "2.0.0",
      "resolved": "https://registry.npmjs.org/multimix/-/multimix-2.0.0.tgz",
      "integrity": "sha512-5Uzhc9NJfuJjDvshC27qfyFdDBjZ2QafhLXKqcFallUqVNChL7WXIPiaJMAdje/1jnaCT10Tm1VriypbQL+JKA==",
      "requires": {
        "cnd": "^4.5.0"
      }
    },
    "once": {
      "version": "1.4.0",
      "resolved": "https://registry.npmjs.org/once/-/once-1.4.0.tgz",
      "integrity": "sha1-WDsap3WWHUsROsF9nFC6753Xa9E=",
      "requires": {
        "wrappy": "1"
      }
    },
    "path-is-absolute": {
      "version": "1.0.1",
      "resolved": "https://registry.npmjs.org/path-is-absolute/-/path-is-absolute-1.0.1.tgz",
      "integrity": "sha1-F0uSaHNVNP+8es5r9TpanhtcX18="
    },
    "sprintf-js": {
      "version": "1.0.3",
      "resolved": "https://registry.npmjs.org/sprintf-js/-/sprintf-js-1.0.3.tgz",
      "integrity": "sha1-BOaSb2YolTVPPdAVIDYzuFcpfiw="
    },
    "svg2ttf": {
      "version": "4.3.0",
      "resolved": "https://registry.npmjs.org/svg2ttf/-/svg2ttf-4.3.0.tgz",
      "integrity": "sha512-LZ0B7zzHWLWbzLzwaKGHQvPOuxCXLReIb3LSxFSGUy1gMw2Utk6KGNbTmbmRL6Rk1qDSmTixnDrQgnXaL9n0CA==",
      "requires": {
        "argparse": "^1.0.6",
        "cubic2quad": "^1.0.0",
        "lodash": "^4.17.10",
        "microbuffer": "^1.0.0",
        "svgpath": "^2.1.5",
        "xmldom": "~0.1.22"
      }
    },
    "svgpath": {
      "version": "2.2.2",
      "resolved": "https://registry.npmjs.org/svgpath/-/svgpath-2.2.2.tgz",
      "integrity": "sha512-7cXFbkZvPkZpKLC+3QIfyUd3/Un/CvJONjTD3Gz5qLuEa73StPOt8kZjTi9apxO6zwCaza0bPNnmzTyrQ4qQlw=="
    },
    "teacup": {
      "version": "1.2.0",
      "resolved": "https://registry.npmjs.org/teacup/-/teacup-1.2.0.tgz",
      "integrity": "sha1-kzTT3+SX0gpm9SwRCnhmYowVDyA="
    },
    "trycatch": {
      "version": "1.5.21",
      "resolved": "https://registry.npmjs.org/trycatch/-/trycatch-1.5.21.tgz",
      "integrity": "sha1-LLFdQ9T0X3Q2dweYoQvfvh1aVv4=",
      "requires": {
        "ansi-styles": "1.x.x",
        "hookit": "^1.1.3"
      }
    },
    "wrappy": {
      "version": "1.0.2",
      "resolved": "https://registry.npmjs.org/wrappy/-/wrappy-1.0.2.tgz",
      "integrity": "sha1-tSQ9jz7BqjXxNkYFvA0QNuMKtp8="
    },
    "xmldom": {
      "version": "0.1.27",
      "resolved": "https://registry.npmjs.org/xmldom/-/xmldom-0.1.27.tgz",
      "integrity": "sha1-1QH5ezvbQDr4757MIFcxh6rawOk="
    },
    "xmldom-silent": {
      "version": "0.1.19",
      "resolved": "https://registry.npmjs.org/xmldom-silent/-/xmldom-silent-0.1.19.tgz",
      "integrity": "sha1-OiqLnYvB6eBvpwGA6GPOcgWf7Fg="
    },
    "xpath": {
      "version": "0.0.27",
      "resolved": "https://registry.npmjs.org/xpath/-/xpath-0.0.27.tgz",
      "integrity": "sha512-fg03WRxtkCV6ohClePNAECYsmpKKTv5L8y/X3Dn1hQrec3POx2jHZ/0P2qQ6HvsrU1BmeqXcof3NGGueG6LxwQ=="
    }
  }
}
