{
  "name": "svgttf",
  "version": "0.1.0",
  "lockfileVersion": 1,
  "requires": true,
  "dependencies": {
    "after-all-results": {
      "version": "2.0.0",
      "resolved": "https://registry.npmjs.org/after-all-results/-/after-all-results-2.0.0.tgz",
      "integrity": "sha1-asL8ICtQD4jaj09VMM+hAPTGotA="
    },
    "ansi-styles": {
      "version": "1.1.0",
      "resolved": "https://registry.npmjs.org/ansi-styles/-/ansi-styles-1.1.0.tgz",
      "integrity": "sha1-6uy/Zs1waIJ2Cy9GkVgrj1XXp94=",
      "optional": true
    },
    "argparse": {
      "version": "1.0.10",
      "resolved": "https://registry.npmjs.org/argparse/-/argparse-1.0.10.tgz",
      "integrity": "sha512-o5Roy6tNG4SL/FOkCAN6RzjiakZS25RLYFrcMttJqbdd8BWrnA+fGz57iN5Pb06pvBGvl5gQ0B48dJlslXvoTg==",
      "requires": {
        "sprintf-js": "~1.0.2"
      }
    },
    "async-cache": {
      "version": "1.1.0",
      "resolved": "https://registry.npmjs.org/async-cache/-/async-cache-1.1.0.tgz",
      "integrity": "sha1-SppaidBl7F2OUlS9nulrp2xTK1o=",
      "requires": {
        "lru-cache": "^4.0.0"
      }
    },
    "balanced-match": {
      "version": "1.0.0",
      "resolved": "https://registry.npmjs.org/balanced-match/-/balanced-match-1.0.0.tgz",
      "integrity": "sha1-ibTRmasr7kneFk6gK4nORi1xt2c="
    },
    "brace-expansion": {
      "version": "1.1.11",
      "resolved": "https://registry.npmjs.org/brace-expansion/-/brace-expansion-1.1.11.tgz",
      "integrity": "sha512-iCuPHDFgrHX7H2vEI/5xpz07zSHB00TpugqhmYtVmMO6518mCuRMoOYFldEBl0g187ufozdaHgWKcYFb61qGiA==",
      "requires": {
        "balanced-match": "^1.0.0",
        "concat-map": "0.0.1"
      }
    },
    "cnd": {
      "version": "9.1.0",
      "resolved": "https://registry.npmjs.org/cnd/-/cnd-9.1.0.tgz",
      "integrity": "sha512-ploTsd13KeAMLGTZUS9e93u5AmCcgC0zrgrjlyeGVh8RsjGCf8f9rOMBiPcq+TUqvClRt3lGGHJLamMT8KwPeA=="
    },
    "coffeenode-chr": {
      "version": "1.1.0",
      "resolved": "https://registry.npmjs.org/coffeenode-chr/-/coffeenode-chr-1.1.0.tgz",
      "integrity": "sha512-TPNAAAoY4680ZDeSYMyX840AGWoic9csiPMVOMO/WMiyiSliCR+wqMJ57d22pHMKUhEM/Nchi9CB3iHt1RUkUQ==",
      "requires": {
        "cnd": "^4.6.0"
      },
      "dependencies": {
        "cnd": {
          "version": "4.9.0",
          "resolved": "https://registry.npmjs.org/cnd/-/cnd-4.9.0.tgz",
          "integrity": "sha512-87P86V5a2/PKQ1FU6weIXA1jcj2D/hlhY1TBrqgqciJFbXlaMhFKMIjSdUmV0U1BHFY9l+/hBUuTZHVeyHdPFQ==",
          "requires": {
            "mkdirp": "^0.5.1",
            "stackman": "^4.0.0",
            "trycatch": "^1.5.21"
          }
        }
      }
    },
    "coffeenode-teacup": {
      "version": "1.0.0",
      "resolved": "https://registry.npmjs.org/coffeenode-teacup/-/coffeenode-teacup-1.0.0.tgz",
      "integrity": "sha512-4AVkTQf2n7LwEsglX9Z1QRSpOBTMTEKN7wzdcVGfXACilZd1uK2k5LZfs1rA7AN0ybRnx1MBfXeVbvxQrh/T+w==",
      "requires": {
        "cnd": "^9.0.0",
        "teacup": "^2.0.0"
      }
    },
    "commander": {
      "version": "6.0.0",
      "resolved": "https://registry.npmjs.org/commander/-/commander-6.0.0.tgz",
      "integrity": "sha512-s7EA+hDtTYNhuXkTlhqew4txMZVdszBmKWSPEMxGr8ru8JXR7bLUFIAtPhcSuFdJQ0ILMxnJi8GkQL0yvDy/YA=="
    },
    "concat-map": {
      "version": "0.0.1",
      "resolved": "https://registry.npmjs.org/concat-map/-/concat-map-0.0.1.tgz",
      "integrity": "sha1-2Klr13/Wjfd5OnMDajug1UBdR3s="
    },
    "cubic2quad": {
      "version": "1.1.1",
      "resolved": "https://registry.npmjs.org/cubic2quad/-/cubic2quad-1.1.1.tgz",
      "integrity": "sha1-abGcYaP1tB7PLx1fro+wNBWqixU="
    },
    "debug": {
      "version": "4.1.1",
      "resolved": "https://registry.npmjs.org/debug/-/debug-4.1.1.tgz",
      "integrity": "sha512-pYAIzeRo8J6KPEaJ0VWOh5Pzkbw/RetuzehGM7QRRX5he4fPHx2rdKMB256ehJCkX+XRQm16eZLqLNS8RSZXZw==",
      "requires": {
        "ms": "^2.1.1"
      }
    },
    "error-callsites": {
      "version": "2.0.3",
      "resolved": "https://registry.npmjs.org/error-callsites/-/error-callsites-2.0.3.tgz",
      "integrity": "sha512-v036z4IEffZFE5kBkV5/F2MzhLnG0vuDyN+VXpzCf4yWXvX/1WJCI0A+TGTr8HWzBfCw5k8gr9rwAo09V+obTA=="
    },
    "fs.realpath": {
      "version": "1.0.0",
      "resolved": "https://registry.npmjs.org/fs.realpath/-/fs.realpath-1.0.0.tgz",
      "integrity": "sha1-FQStJSMVjKpA20onh8sBQRmU6k8="
    },
    "glob": {
      "version": "7.1.6",
      "resolved": "https://registry.npmjs.org/glob/-/glob-7.1.6.tgz",
      "integrity": "sha512-LwaxwyZ72Lk7vZINtNNrywX0ZuLyStrdDtabefZKAY5ZGJhVtgdznluResxNmPitE0SAO+O26sWTHeKSI2wMBA==",
      "requires": {
        "fs.realpath": "^1.0.0",
        "inflight": "^1.0.4",
        "inherits": "2",
        "minimatch": "^3.0.4",
        "once": "^1.3.0",
        "path-is-absolute": "^1.0.0"
      }
    },
    "hookit": {
      "version": "1.1.3",
      "resolved": "https://registry.npmjs.org/hookit/-/hookit-1.1.3.tgz",
      "integrity": "sha1-YnvRuQvE7sHTe2OiCCzv9Rgb+xk="
    },
    "in-publish": {
      "version": "2.0.1",
      "resolved": "https://registry.npmjs.org/in-publish/-/in-publish-2.0.1.tgz",
      "integrity": "sha512-oDM0kUSNFC31ShNxHKUyfZKy8ZeXZBWMjMdZHKLOk13uvT27VTL/QzRGfRUcevJhpkZAvlhPYuXkF7eNWrtyxQ=="
    },
    "inflight": {
      "version": "1.0.6",
      "resolved": "https://registry.npmjs.org/inflight/-/inflight-1.0.6.tgz",
      "integrity": "sha1-Sb1jMdfQLQwJvJEKEHW6gWW1bfk=",
      "requires": {
        "once": "^1.3.0",
        "wrappy": "1"
      }
    },
    "inherits": {
      "version": "2.0.4",
      "resolved": "https://registry.npmjs.org/inherits/-/inherits-2.0.4.tgz",
      "integrity": "sha512-k/vGaX4/Yla3WzyMCvTQOXYeIHvqOKtnqBduzTHpzpQZzAskKMhZ2K+EnBiSM9zGSoIFeMpXKxa4dYeZIQqewQ=="
    },
    "intertype": {
      "version": "7.2.0",
      "resolved": "https://registry.npmjs.org/intertype/-/intertype-7.2.0.tgz",
      "integrity": "sha512-TXCDU1FHPbkOWT6beDeONUT5XnC4/+lUMQCxpc7YpBbj1kDRaFWxZqH8T4Be+9bOr2Rpj1P1plGloA/4iQFAnQ==",
      "requires": {
        "cnd": "^9.0.0",
        "multimix": "^4.1.0"
      }
    },
    "load-source-map": {
      "version": "1.0.0",
      "resolved": "https://registry.npmjs.org/load-source-map/-/load-source-map-1.0.0.tgz",
      "integrity": "sha1-MY9JkFzopwnft8w/FvPv47zx3QU=",
      "requires": {
        "in-publish": "^2.0.0",
        "semver": "^5.3.0",
        "source-map": "^0.5.6"
      }
    },
    "lodash": {
      "version": "4.17.21",
      "resolved": "https://registry.npmjs.org/lodash/-/lodash-4.17.21.tgz",
      "integrity": "sha512-v2kDEe57lecTulaDIuNTPy3Ry4gLGJ6Z1O3vE1krgXZNrsQ+LFTGHVxVjcXPs17LhbZVGedAJv8XZ1tvj5FvSg=="
    },
    "lru-cache": {
      "version": "4.1.5",
      "resolved": "https://registry.npmjs.org/lru-cache/-/lru-cache-4.1.5.tgz",
      "integrity": "sha512-sWZlbEP2OsHNkXrMl5GYk/jKk70MBng6UU4YI/qGDYbgf6YbP4EvmqISbXCoJiRKs+1bSpFHVgQxvJ17F2li5g==",
      "requires": {
        "pseudomap": "^1.0.2",
        "yallist": "^2.1.2"
      }
    },
    "microbuffer": {
      "version": "1.0.0",
      "resolved": "https://registry.npmjs.org/microbuffer/-/microbuffer-1.0.0.tgz",
      "integrity": "sha1-izgy7UDIfVH0e7I0kTppinVtGdI="
    },
    "minimatch": {
      "version": "3.0.4",
      "resolved": "https://registry.npmjs.org/minimatch/-/minimatch-3.0.4.tgz",
      "integrity": "sha512-yJHVQEhyqPLUTgt9B83PXu6W3rx4MvvHvSUvToogpwoGDOUQ+yDrR0HRot+yOCdCO7u4hX3pWft6kWBBcqh0UA==",
      "requires": {
        "brace-expansion": "^1.1.7"
      }
    },
    "minimist": {
      "version": "1.2.5",
      "resolved": "https://registry.npmjs.org/minimist/-/minimist-1.2.5.tgz",
      "integrity": "sha512-FM9nNUYrRBAELZQT3xeZQ7fmMOBg6nWNmJKTcgsJeaLstP/UODVpGsr5OhXhhXg6f+qtJ8uiZ+PUxkDWcgIXLw=="
    },
    "mkdirp": {
      "version": "0.5.5",
      "resolved": "https://registry.npmjs.org/mkdirp/-/mkdirp-0.5.5.tgz",
      "integrity": "sha512-NKmAlESf6jMGym1++R0Ra7wvhV+wFW63FaSOFPwRahvea0gMUcGUhVeAg/0BC0wiv9ih5NYPB1Wn1UEI1/L+xQ==",
      "requires": {
        "minimist": "^1.2.5"
      }
    },
    "ms": {
      "version": "2.1.2",
      "resolved": "https://registry.npmjs.org/ms/-/ms-2.1.2.tgz",
      "integrity": "sha512-sGkPx+VjMtmA6MX27oA4FBFELFCZZ4S4XqeGOXCv68tT+jb3vk/RyaKWP0PTKyWtmLSM0b+adUTEvbs1PEaH2w=="
    },
    "multimix": {
      "version": "4.1.0",
      "resolved": "https://registry.npmjs.org/multimix/-/multimix-4.1.0.tgz",
      "integrity": "sha512-GUV1SMXk7ZS/DiLHNYA6G43I+ORymTRvixCXBebR8kIFWy/1Syl7WmoI0dBvPzvs7goIK3VbCRO+EtIEP2R11w==",
      "requires": {
        "cnd": "^9.0.0"
      }
    },
    "once": {
      "version": "1.4.0",
      "resolved": "https://registry.npmjs.org/once/-/once-1.4.0.tgz",
      "integrity": "sha1-WDsap3WWHUsROsF9nFC6753Xa9E=",
      "requires": {
        "wrappy": "1"
      }
    },
    "opentype.js": {
      "version": "1.3.3",
      "resolved": "https://registry.npmjs.org/opentype.js/-/opentype.js-1.3.3.tgz",
      "integrity": "sha512-/qIY/+WnKGlPIIPhbeNjynfD2PO15G9lA/xqlX2bDH+4lc3Xz5GCQ68mqxj3DdUv6AJqCeaPvuAoH8mVL0zcuA==",
      "requires": {
        "string.prototype.codepointat": "^0.2.1",
        "tiny-inflate": "^1.0.3"
      }
    },
    "path-is-absolute": {
      "version": "1.0.1",
      "resolved": "https://registry.npmjs.org/path-is-absolute/-/path-is-absolute-1.0.1.tgz",
      "integrity": "sha1-F0uSaHNVNP+8es5r9TpanhtcX18="
    },
    "pseudomap": {
      "version": "1.0.2",
      "resolved": "https://registry.npmjs.org/pseudomap/-/pseudomap-1.0.2.tgz",
      "integrity": "sha1-8FKijacOYYkX7wqKw0wa5aaChrM="
    },
    "semver": {
      "version": "5.7.1",
      "resolved": "https://registry.npmjs.org/semver/-/semver-5.7.1.tgz",
      "integrity": "sha512-sauaDf/PZdVgrLTNYHRtpXa1iRiKcaebiKQ1BJdpQlWH2lCvexQdX55snPFyK7QzpudqbCI0qXFfOasHdyNDGQ=="
    },
    "source-map": {
      "version": "0.5.7",
      "resolved": "https://registry.npmjs.org/source-map/-/source-map-0.5.7.tgz",
      "integrity": "sha1-igOdLRAh0i0eoUyA2OpGi6LvP8w="
    },
    "sprintf-js": {
      "version": "1.0.3",
      "resolved": "https://registry.npmjs.org/sprintf-js/-/sprintf-js-1.0.3.tgz",
      "integrity": "sha1-BOaSb2YolTVPPdAVIDYzuFcpfiw="
    },
    "stackman": {
      "version": "4.0.1",
      "resolved": "https://registry.npmjs.org/stackman/-/stackman-4.0.1.tgz",
      "integrity": "sha512-lntIge3BFEElgvpZT2ld5f4U+mF84fRtJ8vA3ymUVx1euVx43ZMkd09+5RWW4FmvYDFhZwPh1gvtdsdnJyF4Fg==",
      "requires": {
        "after-all-results": "^2.0.0",
        "async-cache": "^1.1.0",
        "debug": "^4.1.1",
        "error-callsites": "^2.0.3",
        "load-source-map": "^1.0.0"
      }
    },
    "string.prototype.codepointat": {
      "version": "0.2.1",
      "resolved": "https://registry.npmjs.org/string.prototype.codepointat/-/string.prototype.codepointat-0.2.1.tgz",
      "integrity": "sha512-2cBVCj6I4IOvEnjgO/hWqXjqBGsY+zwPmHl12Srk9IXSZ56Jwwmy+66XO5Iut/oQVR7t5ihYdLB0GMa4alEUcg=="
    },
    "svg2ttf": {
      "version": "5.0.0",
      "resolved": "https://registry.npmjs.org/svg2ttf/-/svg2ttf-5.0.0.tgz",
      "integrity": "sha512-xv4ERtuuaY+RQu7G57nKF7agrAGP+Bqmox72+kIbKek5vyAo02Dus901fR995p0E6adc27+kRhPVynDdShUWWw==",
      "requires": {
        "argparse": "^1.0.6",
        "cubic2quad": "^1.0.0",
        "lodash": "^4.17.10",
        "microbuffer": "^1.0.0",
        "svgpath": "^2.1.5",
        "xmldom": "~0.1.22"
      }
    },
    "svgpath": {
      "version": "2.3.0",
      "resolved": "https://registry.npmjs.org/svgpath/-/svgpath-2.3.0.tgz",
      "integrity": "sha512-N/4UDu3Y2ICik0daMmFW1tplw0XPs1nVIEVYkTiQfj9/JQZeEtAKaSYwheCwje1I4pQ5r22fGpoaNIvGgsyJyg=="
    },
    "teacup": {
      "version": "2.0.0",
      "resolved": "https://registry.npmjs.org/teacup/-/teacup-2.0.0.tgz",
      "integrity": "sha1-MgxhGVYQgdFoZkJz6Yck5FDvCvw="
    },
    "tiny-inflate": {
      "version": "1.0.3",
      "resolved": "https://registry.npmjs.org/tiny-inflate/-/tiny-inflate-1.0.3.tgz",
      "integrity": "sha512-pkY1fj1cKHb2seWDy0B16HeWyczlJA9/WW3u3c4z/NiWDsO3DOU5D7nhTLE9CF0yXv/QZFY7sEJmj24dK+Rrqw=="
    },
    "trycatch": {
      "version": "1.5.21",
      "resolved": "https://registry.npmjs.org/trycatch/-/trycatch-1.5.21.tgz",
      "integrity": "sha1-LLFdQ9T0X3Q2dweYoQvfvh1aVv4=",
      "requires": {
        "ansi-styles": "1.x.x",
        "hookit": "^1.1.3"
      }
    },
    "wrappy": {
      "version": "1.0.2",
      "resolved": "https://registry.npmjs.org/wrappy/-/wrappy-1.0.2.tgz",
      "integrity": "sha1-tSQ9jz7BqjXxNkYFvA0QNuMKtp8="
    },
    "xmldom": {
      "version": "0.1.31",
      "resolved": "https://registry.npmjs.org/xmldom/-/xmldom-0.1.31.tgz",
      "integrity": "sha512-yS2uJflVQs6n+CyjHoaBmVSqIDevTAWrzMmjG1Gc7h1qQ7uVozNhEPJAwZXWyGQ/Gafo3fCwrcaokezLPupVyQ=="
    },
    "xmldom-silent": {
      "version": "0.1.19",
      "resolved": "https://registry.npmjs.org/xmldom-silent/-/xmldom-silent-0.1.19.tgz",
      "integrity": "sha1-OiqLnYvB6eBvpwGA6GPOcgWf7Fg="
    },
    "xpath": {
      "version": "0.0.27",
      "resolved": "https://registry.npmjs.org/xpath/-/xpath-0.0.27.tgz",
      "integrity": "sha512-fg03WRxtkCV6ohClePNAECYsmpKKTv5L8y/X3Dn1hQrec3POx2jHZ/0P2qQ6HvsrU1BmeqXcof3NGGueG6LxwQ=="
    },
    "yallist": {
      "version": "2.1.2",
      "resolved": "https://registry.npmjs.org/yallist/-/yallist-2.1.2.tgz",
      "integrity": "sha1-HBH5IY8HYImkfdUS+TxmmaaoHVI="
    }
  }
}
